
Microsoft Visual Studio Solution File, Format Version 12.00
# Visual Studio Version 17
VisualStudioVersion = 17.7.34003.232
MinimumVisualStudioVersion = 10.0.40219.1
Project("{FAE04EC0-301F-11D3-BF4B-00C04F79EFBC}") = "lists_Cook_Jakob", "lists_Cook_Jakob\lists_Cook_Jakob.csproj", "{39843341-BA80-4B0B-964C-ECFAA584CE4A}"
EndProject
Global
	GlobalSection(SolutionConfigurationPlatforms) = preSolution
		Debug|Any CPU = Debug|Any CPU
		Release|Any CPU = Release|Any CPU
	EndGlobalSection
	GlobalSection(ProjectConfigurationPlatforms) = postSolution
		{39843341-BA80-4B0B-964C-ECFAA584CE4A}.Debug|Any CPU.ActiveCfg = Debug|Any CPU
		{39843341-BA80-4B0B-964C-ECFAA584CE4A}.Debug|Any CPU.Build.0 = Debug|Any CPU
		{39843341-BA80-4B0B-964C-ECFAA584CE4A}.Release|Any CPU.ActiveCfg = Release|Any CPU
		{39843341-BA80-4B0B-964C-ECFAA584CE4A}.Release|Any CPU.Build.0 = Release|Any CPU
	EndGlobalSection
	GlobalSection(SolutionProperties) = preSolution
		HideSolutionNode = FALSE
	EndGlobalSection
	GlobalSection(ExtensibilityGlobals) = postSolution
		SolutionGuid = {B6736F3D-716E-4A85-8876-ADED9D92E3C5}
	EndGlobalSection
EndGlobal
